
Microsoft Visual Studio Solution File, Format Version 12.00
# Visual Studio 15
VisualStudioVersion = 15.0.28307.271
MinimumVisualStudioVersion = 10.0.40219.1
Project("{FAE04EC0-301F-11D3-BF4B-00C04F79EFBC}") = "MergeSort", "MergeSort\MergeSort.csproj", "{5227DC87-FDAB-4FFD-A560-8BC4D3C21426}"
EndProject
Global
	GlobalSection(SolutionConfigurationPlatforms) = preSolution
		Debug|Any CPU = Debug|Any CPU
		Release|Any CPU = Release|Any CPU
	EndGlobalSection
	GlobalSection(ProjectConfigurationPlatforms) = postSolution
		{5227DC87-FDAB-4FFD-A560-8BC4D3C21426}.Debug|Any CPU.ActiveCfg = Debug|Any CPU
		{5227DC87-FDAB-4FFD-A560-8BC4D3C21426}.Debug|Any CPU.Build.0 = Debug|Any CPU
		{5227DC87-FDAB-4FFD-A560-8BC4D3C21426}.Release|Any CPU.ActiveCfg = Release|Any CPU
		{5227DC87-FDAB-4FFD-A560-8BC4D3C21426}.Release|Any CPU.Build.0 = Release|Any CPU
	EndGlobalSection
	GlobalSection(SolutionProperties) = preSolution
		HideSolutionNode = FALSE
	EndGlobalSection
	GlobalSection(ExtensibilityGlobals) = postSolution
		SolutionGuid = {D808C4A6-6F86-41AF-80FD-BA9548821299}
	EndGlobalSection
EndGlobal
